// !$*UTF8*$!
{
	archiveVersion = 1;
	classes = {
	};
	objectVersion = 56;
	objects = {

/* Begin PBXBuildFile section */
		0C8259312CA63E25002A982D /* cell3d.cpp in Sources */ = {isa = PBXBuildFile; fileRef = 0C82592F2CA63E25002A982D /* cell3d.cpp */; };
		0C8607B72C3E1A0500DE3CC0 /* main.cpp in Sources */ = {isa = PBXBuildFile; fileRef = 0C8607B62C3E1A0500DE3CC0 /* main.cpp */; };
		0C8607BF2C3E1B4D00DE3CC0 /* kron_matrix.cpp in Sources */ = {isa = PBXBuildFile; fileRef = 0C8607BD2C3E1B4D00DE3CC0 /* kron_matrix.cpp */; };
		0C8607C22C3E2BE700DE3CC0 /* write_VTK.cpp in Sources */ = {isa = PBXBuildFile; fileRef = 0C8607C02C3E2BE700DE3CC0 /* write_VTK.cpp */; };
		0C87EF4B2CA6648A003169A4 /* Darcy3d_WG_HexaQ0Q0RT0_Err.cpp in Sources */ = {isa = PBXBuildFile; fileRef = 0C87EF422CA6648A003169A4 /* Darcy3d_WG_HexaQ0Q0RT0_Err.cpp */; };
		0C87EF4C2CA6648A003169A4 /* Darcy3d_WG_HexaQ0Q0RT0_AsmBndryConds1.cpp in Sources */ = {isa = PBXBuildFile; fileRef = 0C87EF432CA6648A003169A4 /* Darcy3d_WG_HexaQ0Q0RT0_AsmBndryConds1.cpp */; };
		0C87EF4D2CA6648A003169A4 /* Darcy3d_WG_HexaQ0Q0RT0_AsmSource1.cpp in Sources */ = {isa = PBXBuildFile; fileRef = 0C87EF452CA6648A003169A4 /* Darcy3d_WG_HexaQ0Q0RT0_AsmSource1.cpp */; };
		0C87EF4E2CA6648A003169A4 /* Darcy3d_WG_HexaQ0Q0RT0_PresVelFlux.cpp in Sources */ = {isa = PBXBuildFile; fileRef = 0C87EF472CA6648A003169A4 /* Darcy3d_WG_HexaQ0Q0RT0_PresVelFlux.cpp */; };
		0C87EF4F2CA6648A003169A4 /* Darcy3d_WG_HexaQ0Q0RT0_ModiLinSys1.cpp in Sources */ = {isa = PBXBuildFile; fileRef = 0C87EF482CA6648A003169A4 /* Darcy3d_WG_HexaQ0Q0RT0_ModiLinSys1.cpp */; };
		0C87EF502CA6648A003169A4 /* Darcy3d_WG_HexaQ0Q0RT0_AsmGlbMat1.cpp in Sources */ = {isa = PBXBuildFile; fileRef = 0C87EF492CA6648A003169A4 /* Darcy3d_WG_HexaQ0Q0RT0_AsmGlbMat1.cpp */; };
		0C87EF532CA66495003169A4 /* Darcy3d_SmplnPerm_HexaMesh.cpp in Sources */ = {isa = PBXBuildFile; fileRef = 0C87EF522CA66495003169A4 /* Darcy3d_SmplnPerm_HexaMesh.cpp */; };
		0C87EF562CA664B8003169A4 /* EqnBC_Poisson3d_Ex12coscoscos.cpp in Sources */ = {isa = PBXBuildFile; fileRef = 0C87EF542CA664B8003169A4 /* EqnBC_Poisson3d_Ex12coscoscos.cpp */; };
		0C87EF592CA664BF003169A4 /* WG3d_Hexa.cpp in Sources */ = {isa = PBXBuildFile; fileRef = 0C87EF572CA664BF003169A4 /* WG3d_Hexa.cpp */; };
		0C87EF642CA664D1003169A4 /* Hdiv3d.cpp in Sources */ = {isa = PBXBuildFile; fileRef = 0C87EF5A2CA664D1003169A4 /* Hdiv3d.cpp */; };
		0C87EF672CA664D1003169A4 /* PtVec3d.cpp in Sources */ = {isa = PBXBuildFile; fileRef = 0C87EF5F2CA664D1003169A4 /* PtVec3d.cpp */; };
		0C87EF682CA664D1003169A4 /* GaussQuad.cpp in Sources */ = {isa = PBXBuildFile; fileRef = 0C87EF612CA664D1003169A4 /* GaussQuad.cpp */; };
		0C87EF6E2CA664DE003169A4 /* matrix.cpp in Sources */ = {isa = PBXBuildFile; fileRef = 0C87EF6A2CA664DE003169A4 /* matrix.cpp */; };
		0C87EF712CA664E5003169A4 /* vector.cpp in Sources */ = {isa = PBXBuildFile; fileRef = 0C87EF702CA664E5003169A4 /* vector.cpp */; };
		0C87EF762CA6672F003169A4 /* LinSys.cpp in Sources */ = {isa = PBXBuildFile; fileRef = 0C87EF752CA6672F003169A4 /* LinSys.cpp */; };
		0C8E48DD2CA8A8C400106122 /* mat3.cpp in Sources */ = {isa = PBXBuildFile; fileRef = 0C8E48DC2CA8A8C400106122 /* mat3.cpp */; };
		0C95418E2C994A8800A6BFEA /* HexaMesh.cpp in Sources */ = {isa = PBXBuildFile; fileRef = 0C95418C2C994A8800A6BFEA /* HexaMesh.cpp */; };
		0C9541AF2C9967FF00A6BFEA /* Write_VTK_File.cpp in Sources */ = {isa = PBXBuildFile; fileRef = 0C9541AD2C9967FF00A6BFEA /* Write_VTK_File.cpp */; };
/* End PBXBuildFile section */

/* Begin PBXCopyFilesBuildPhase section */
		0C8607B12C3E1A0500DE3CC0 /* CopyFiles */ = {
			isa = PBXCopyFilesBuildPhase;
			buildActionMask = 2147483647;
			dstPath = /usr/share/man/man1/;
			dstSubfolderSpec = 0;
			files = (
			);
			runOnlyForDeploymentPostprocessing = 1;
		};
/* End PBXCopyFilesBuildPhase section */

/* Begin PBXFileReference section */
		0C82592F2CA63E25002A982D /* cell3d.cpp */ = {isa = PBXFileReference; fileEncoding = 4; lastKnownFileType = sourcecode.cpp.cpp; name = cell3d.cpp; path = General/cell3d.cpp; sourceTree = "<group>"; };
		0C8259302CA63E25002A982D /* cell3d.h */ = {isa = PBXFileReference; fileEncoding = 4; lastKnownFileType = sourcecode.c.h; name = cell3d.h; path = General/cell3d.h; sourceTree = "<group>"; };
		0C8607B32C3E1A0500DE3CC0 /* Possion_3D_test1 */ = {isa = PBXFileReference; explicitFileType = "compiled.mach-o.executable"; includeInIndex = 0; path = Possion_3D_test1; sourceTree = BUILT_PRODUCTS_DIR; };
		0C8607B62C3E1A0500DE3CC0 /* main.cpp */ = {isa = PBXFileReference; lastKnownFileType = sourcecode.cpp.cpp; path = main.cpp; sourceTree = "<group>"; };
		0C8607BD2C3E1B4D00DE3CC0 /* kron_matrix.cpp */ = {isa = PBXFileReference; lastKnownFileType = sourcecode.cpp.cpp; path = kron_matrix.cpp; sourceTree = "<group>"; };
		0C8607BE2C3E1B4D00DE3CC0 /* kron_matrix.hpp */ = {isa = PBXFileReference; lastKnownFileType = sourcecode.cpp.h; path = kron_matrix.hpp; sourceTree = "<group>"; };
		0C8607C02C3E2BE700DE3CC0 /* write_VTK.cpp */ = {isa = PBXFileReference; lastKnownFileType = sourcecode.cpp.cpp; path = write_VTK.cpp; sourceTree = "<group>"; };
		0C8607C12C3E2BE700DE3CC0 /* write_VTK.hpp */ = {isa = PBXFileReference; lastKnownFileType = sourcecode.cpp.h; path = write_VTK.hpp; sourceTree = "<group>"; };
		0C87EF3B2CA65EF1003169A4 /* vector.h */ = {isa = PBXFileReference; fileEncoding = 4; lastKnownFileType = sourcecode.c.h; name = vector.h; path = LinLite/vector.h; sourceTree = "<group>"; };
		0C87EF3E2CA65FEE003169A4 /* PtVec3d.h */ = {isa = PBXFileReference; fileEncoding = 4; lastKnownFileType = sourcecode.c.h; name = PtVec3d.h; path = General/PtVec3d.h; sourceTree = "<group>"; };
		0C87EF402CA6648A003169A4 /* Darcy3d_WG_HexaQ0Q0RT0_AsmSource1.hpp */ = {isa = PBXFileReference; fileEncoding = 4; lastKnownFileType = sourcecode.cpp.h; name = Darcy3d_WG_HexaQ0Q0RT0_AsmSource1.hpp; path = Darcy3d/Darcy3d_WG_HexaQ0Q0RT0_AsmSource1.hpp; sourceTree = "<group>"; };
		0C87EF412CA6648A003169A4 /* Darcy3d_WG_HexaQ0Q0RT0_AsmGlbMat1.hpp */ = {isa = PBXFileReference; fileEncoding = 4; lastKnownFileType = sourcecode.cpp.h; name = Darcy3d_WG_HexaQ0Q0RT0_AsmGlbMat1.hpp; path = Darcy3d/Darcy3d_WG_HexaQ0Q0RT0_AsmGlbMat1.hpp; sourceTree = "<group>"; };
		0C87EF422CA6648A003169A4 /* Darcy3d_WG_HexaQ0Q0RT0_Err.cpp */ = {isa = PBXFileReference; fileEncoding = 4; lastKnownFileType = sourcecode.cpp.cpp; name = Darcy3d_WG_HexaQ0Q0RT0_Err.cpp; path = Darcy3d/Darcy3d_WG_HexaQ0Q0RT0_Err.cpp; sourceTree = "<group>"; };
		0C87EF432CA6648A003169A4 /* Darcy3d_WG_HexaQ0Q0RT0_AsmBndryConds1.cpp */ = {isa = PBXFileReference; fileEncoding = 4; lastKnownFileType = sourcecode.cpp.cpp; name = Darcy3d_WG_HexaQ0Q0RT0_AsmBndryConds1.cpp; path = Darcy3d/Darcy3d_WG_HexaQ0Q0RT0_AsmBndryConds1.cpp; sourceTree = "<group>"; };
		0C87EF442CA6648A003169A4 /* Darcy3d_WG_HexaQ0Q0RT0_PresVelFlux.hpp */ = {isa = PBXFileReference; fileEncoding = 4; lastKnownFileType = sourcecode.cpp.h; name = Darcy3d_WG_HexaQ0Q0RT0_PresVelFlux.hpp; path = Darcy3d/Darcy3d_WG_HexaQ0Q0RT0_PresVelFlux.hpp; sourceTree = "<group>"; };
		0C87EF452CA6648A003169A4 /* Darcy3d_WG_HexaQ0Q0RT0_AsmSource1.cpp */ = {isa = PBXFileReference; fileEncoding = 4; lastKnownFileType = sourcecode.cpp.cpp; name = Darcy3d_WG_HexaQ0Q0RT0_AsmSource1.cpp; path = Darcy3d/Darcy3d_WG_HexaQ0Q0RT0_AsmSource1.cpp; sourceTree = "<group>"; };
		0C87EF462CA6648A003169A4 /* Darcy3d_WG_HexaQ0Q0RT0_ModiLinSys1.hpp */ = {isa = PBXFileReference; fileEncoding = 4; lastKnownFileType = sourcecode.cpp.h; name = Darcy3d_WG_HexaQ0Q0RT0_ModiLinSys1.hpp; path = Darcy3d/Darcy3d_WG_HexaQ0Q0RT0_ModiLinSys1.hpp; sourceTree = "<group>"; };
		0C87EF472CA6648A003169A4 /* Darcy3d_WG_HexaQ0Q0RT0_PresVelFlux.cpp */ = {isa = PBXFileReference; fileEncoding = 4; lastKnownFileType = sourcecode.cpp.cpp; name = Darcy3d_WG_HexaQ0Q0RT0_PresVelFlux.cpp; path = Darcy3d/Darcy3d_WG_HexaQ0Q0RT0_PresVelFlux.cpp; sourceTree = "<group>"; };
		0C87EF482CA6648A003169A4 /* Darcy3d_WG_HexaQ0Q0RT0_ModiLinSys1.cpp */ = {isa = PBXFileReference; fileEncoding = 4; lastKnownFileType = sourcecode.cpp.cpp; name = Darcy3d_WG_HexaQ0Q0RT0_ModiLinSys1.cpp; path = Darcy3d/Darcy3d_WG_HexaQ0Q0RT0_ModiLinSys1.cpp; sourceTree = "<group>"; };
		0C87EF492CA6648A003169A4 /* Darcy3d_WG_HexaQ0Q0RT0_AsmGlbMat1.cpp */ = {isa = PBXFileReference; fileEncoding = 4; lastKnownFileType = sourcecode.cpp.cpp; name = Darcy3d_WG_HexaQ0Q0RT0_AsmGlbMat1.cpp; path = Darcy3d/Darcy3d_WG_HexaQ0Q0RT0_AsmGlbMat1.cpp; sourceTree = "<group>"; };
		0C87EF4A2CA6648A003169A4 /* Darcy3d_WG_HexaQ0Q0RT0_AsmBndryConds1.hpp */ = {isa = PBXFileReference; fileEncoding = 4; lastKnownFileType = sourcecode.cpp.h; name = Darcy3d_WG_HexaQ0Q0RT0_AsmBndryConds1.hpp; path = Darcy3d/Darcy3d_WG_HexaQ0Q0RT0_AsmBndryConds1.hpp; sourceTree = "<group>"; };
		0C87EF512CA66495003169A4 /* Darcy3d_SmplnPerm_HexaMesh.h */ = {isa = PBXFileReference; fileEncoding = 4; lastKnownFileType = sourcecode.c.h; name = Darcy3d_SmplnPerm_HexaMesh.h; path = Darcy3d/Darcy3d_SmplnPerm_HexaMesh.h; sourceTree = "<group>"; };
		0C87EF522CA66495003169A4 /* Darcy3d_SmplnPerm_HexaMesh.cpp */ = {isa = PBXFileReference; fileEncoding = 4; lastKnownFileType = sourcecode.cpp.cpp; name = Darcy3d_SmplnPerm_HexaMesh.cpp; path = Darcy3d/Darcy3d_SmplnPerm_HexaMesh.cpp; sourceTree = "<group>"; };
		0C87EF542CA664B8003169A4 /* EqnBC_Poisson3d_Ex12coscoscos.cpp */ = {isa = PBXFileReference; fileEncoding = 4; lastKnownFileType = sourcecode.cpp.cpp; name = EqnBC_Poisson3d_Ex12coscoscos.cpp; path = Dataexample/EqnBC_Poisson3d_Ex12coscoscos.cpp; sourceTree = "<group>"; };
		0C87EF552CA664B8003169A4 /* EqnBC_Poisson3d_Ex12coscoscos.h */ = {isa = PBXFileReference; fileEncoding = 4; lastKnownFileType = sourcecode.c.h; name = EqnBC_Poisson3d_Ex12coscoscos.h; path = Dataexample/EqnBC_Poisson3d_Ex12coscoscos.h; sourceTree = "<group>"; };
		0C87EF572CA664BF003169A4 /* WG3d_Hexa.cpp */ = {isa = PBXFileReference; fileEncoding = 4; lastKnownFileType = sourcecode.cpp.cpp; name = WG3d_Hexa.cpp; path = FEWG/WG3d_Hexa.cpp; sourceTree = "<group>"; };
		0C87EF582CA664BF003169A4 /* WG3d_Hexa.h */ = {isa = PBXFileReference; fileEncoding = 4; lastKnownFileType = sourcecode.c.h; name = WG3d_Hexa.h; path = FEWG/WG3d_Hexa.h; sourceTree = "<group>"; };
		0C87EF5A2CA664D1003169A4 /* Hdiv3d.cpp */ = {isa = PBXFileReference; fileEncoding = 4; lastKnownFileType = sourcecode.cpp.cpp; name = Hdiv3d.cpp; path = general/Hdiv3d.cpp; sourceTree = "<group>"; };
		0C87EF5F2CA664D1003169A4 /* PtVec3d.cpp */ = {isa = PBXFileReference; fileEncoding = 4; lastKnownFileType = sourcecode.cpp.cpp; name = PtVec3d.cpp; path = general/PtVec3d.cpp; sourceTree = "<group>"; };
		0C87EF612CA664D1003169A4 /* GaussQuad.cpp */ = {isa = PBXFileReference; fileEncoding = 4; lastKnownFileType = sourcecode.cpp.cpp; name = GaussQuad.cpp; path = general/GaussQuad.cpp; sourceTree = "<group>"; };
		0C87EF622CA664D1003169A4 /* GaussQuad.h */ = {isa = PBXFileReference; fileEncoding = 4; lastKnownFileType = sourcecode.c.h; name = GaussQuad.h; path = general/GaussQuad.h; sourceTree = "<group>"; };
		0C87EF632CA664D1003169A4 /* Hdiv3d.h */ = {isa = PBXFileReference; fileEncoding = 4; lastKnownFileType = sourcecode.c.h; name = Hdiv3d.h; path = general/Hdiv3d.h; sourceTree = "<group>"; };
		0C87EF6A2CA664DE003169A4 /* matrix.cpp */ = {isa = PBXFileReference; fileEncoding = 4; lastKnownFileType = sourcecode.cpp.cpp; name = matrix.cpp; path = LinLite/matrix.cpp; sourceTree = "<group>"; };
		0C87EF6B2CA664DE003169A4 /* matrix.h */ = {isa = PBXFileReference; fileEncoding = 4; lastKnownFileType = sourcecode.c.h; name = matrix.h; path = LinLite/matrix.h; sourceTree = "<group>"; };
		0C87EF6C2CA664DE003169A4 /* LinSys.h */ = {isa = PBXFileReference; fileEncoding = 4; lastKnownFileType = sourcecode.c.h; name = LinSys.h; path = LinLite/LinSys.h; sourceTree = "<group>"; };
		0C87EF702CA664E5003169A4 /* vector.cpp */ = {isa = PBXFileReference; fileEncoding = 4; lastKnownFileType = sourcecode.cpp.cpp; name = vector.cpp; path = LinLite/vector.cpp; sourceTree = "<group>"; };
		0C87EF732CA664F0003169A4 /* HexaMesh.h */ = {isa = PBXFileReference; fileEncoding = 4; lastKnownFileType = sourcecode.c.h; name = HexaMesh.h; path = mesh/HexaMesh.h; sourceTree = "<group>"; };
		0C87EF752CA6672F003169A4 /* LinSys.cpp */ = {isa = PBXFileReference; fileEncoding = 4; lastKnownFileType = sourcecode.cpp.cpp; name = LinSys.cpp; path = LinLite/LinSys.cpp; sourceTree = "<group>"; };
		0C8E48DB2CA8A8C400106122 /* mat3.h */ = {isa = PBXFileReference; fileEncoding = 4; lastKnownFileType = sourcecode.c.h; name = mat3.h; path = general/mat3.h; sourceTree = "<group>"; };
		0C8E48DC2CA8A8C400106122 /* mat3.cpp */ = {isa = PBXFileReference; fileEncoding = 4; lastKnownFileType = sourcecode.cpp.cpp; name = mat3.cpp; path = general/mat3.cpp; sourceTree = "<group>"; };
		0C95418C2C994A8800A6BFEA /* HexaMesh.cpp */ = {isa = PBXFileReference; lastKnownFileType = sourcecode.cpp.cpp; name = HexaMesh.cpp; path = Mesh/HexaMesh.cpp; sourceTree = "<group>"; };
		0C9541AD2C9967FF00A6BFEA /* Write_VTK_File.cpp */ = {isa = PBXFileReference; lastKnownFileType = sourcecode.cpp.cpp; path = Write_VTK_File.cpp; sourceTree = "<group>"; };
		0C9541AE2C9967FF00A6BFEA /* Write_VTK_File.hpp */ = {isa = PBXFileReference; lastKnownFileType = sourcecode.cpp.h; path = Write_VTK_File.hpp; sourceTree = "<group>"; };
/* End PBXFileReference section */

/* Begin PBXFrameworksBuildPhase section */
		0C8607B02C3E1A0500DE3CC0 /* Frameworks */ = {
			isa = PBXFrameworksBuildPhase;
			buildActionMask = 2147483647;
			files = (
			);
			runOnlyForDeploymentPostprocessing = 0;
		};
/* End PBXFrameworksBuildPhase section */

/* Begin PBXGroup section */
		0C8607AA2C3E1A0500DE3CC0 = {
			isa = PBXGroup;
			children = (
				0C8607C12C3E2BE700DE3CC0 /* write_VTK.hpp */,
				0C8607C02C3E2BE700DE3CC0 /* write_VTK.cpp */,
				0C9541AE2C9967FF00A6BFEA /* Write_VTK_File.hpp */,
				0C9541AD2C9967FF00A6BFEA /* Write_VTK_File.cpp */,
				0C87EF612CA664D1003169A4 /* GaussQuad.cpp */,
				0C87EF622CA664D1003169A4 /* GaussQuad.h */,
				0C87EF5F2CA664D1003169A4 /* PtVec3d.cpp */,
				0C87EF3E2CA65FEE003169A4 /* PtVec3d.h */,
				0C82592F2CA63E25002A982D /* cell3d.cpp */,
				0C8259302CA63E25002A982D /* cell3d.h */,
				0C8E48DC2CA8A8C400106122 /* mat3.cpp */,
				0C8E48DB2CA8A8C400106122 /* mat3.h */,
				0C87EF752CA6672F003169A4 /* LinSys.cpp */,
				0C87EF6C2CA664DE003169A4 /* LinSys.h */,
				0C87EF702CA664E5003169A4 /* vector.cpp */,
				0C87EF3B2CA65EF1003169A4 /* vector.h */,
				0C87EF632CA664D1003169A4 /* Hdiv3d.h */,
				0C87EF5A2CA664D1003169A4 /* Hdiv3d.cpp */,
				0C87EF432CA6648A003169A4 /* Darcy3d_WG_HexaQ0Q0RT0_AsmBndryConds1.cpp */,
				0C87EF4A2CA6648A003169A4 /* Darcy3d_WG_HexaQ0Q0RT0_AsmBndryConds1.hpp */,
				0C87EF492CA6648A003169A4 /* Darcy3d_WG_HexaQ0Q0RT0_AsmGlbMat1.cpp */,
				0C87EF412CA6648A003169A4 /* Darcy3d_WG_HexaQ0Q0RT0_AsmGlbMat1.hpp */,
				0C87EF452CA6648A003169A4 /* Darcy3d_WG_HexaQ0Q0RT0_AsmSource1.cpp */,
				0C87EF402CA6648A003169A4 /* Darcy3d_WG_HexaQ0Q0RT0_AsmSource1.hpp */,
				0C87EF422CA6648A003169A4 /* Darcy3d_WG_HexaQ0Q0RT0_Err.cpp */,
				0C87EF482CA6648A003169A4 /* Darcy3d_WG_HexaQ0Q0RT0_ModiLinSys1.cpp */,
				0C87EF462CA6648A003169A4 /* Darcy3d_WG_HexaQ0Q0RT0_ModiLinSys1.hpp */,
				0C87EF472CA6648A003169A4 /* Darcy3d_WG_HexaQ0Q0RT0_PresVelFlux.cpp */,
				0C87EF442CA6648A003169A4 /* Darcy3d_WG_HexaQ0Q0RT0_PresVelFlux.hpp */,
				0C87EF522CA66495003169A4 /* Darcy3d_SmplnPerm_HexaMesh.cpp */,
				0C87EF512CA66495003169A4 /* Darcy3d_SmplnPerm_HexaMesh.h */,
				0C87EF542CA664B8003169A4 /* EqnBC_Poisson3d_Ex12coscoscos.cpp */,
				0C87EF552CA664B8003169A4 /* EqnBC_Poisson3d_Ex12coscoscos.h */,
				0C87EF572CA664BF003169A4 /* WG3d_Hexa.cpp */,
				0C87EF582CA664BF003169A4 /* WG3d_Hexa.h */,
				0C87EF6A2CA664DE003169A4 /* matrix.cpp */,
				0C87EF6B2CA664DE003169A4 /* matrix.h */,
				0C87EF732CA664F0003169A4 /* HexaMesh.h */,
				0C95418C2C994A8800A6BFEA /* HexaMesh.cpp */,
				0C8607BE2C3E1B4D00DE3CC0 /* kron_matrix.hpp */,
				0C8607BD2C3E1B4D00DE3CC0 /* kron_matrix.cpp */,
				0C8607B52C3E1A0500DE3CC0 /* Possion_3D_test1 */,
				0C8607B42C3E1A0500DE3CC0 /* Products */,
			);
			sourceTree = "<group>";
		};
		0C8607B42C3E1A0500DE3CC0 /* Products */ = {
			isa = PBXGroup;
			children = (
				0C8607B32C3E1A0500DE3CC0 /* Possion_3D_test1 */,
			);
			name = Products;
			sourceTree = "<group>";
		};
		0C8607B52C3E1A0500DE3CC0 /* Possion_3D_test1 */ = {
			isa = PBXGroup;
			children = (
				0C8607B62C3E1A0500DE3CC0 /* main.cpp */,
			);
			path = Possion_3D_test1;
			sourceTree = "<group>";
		};
/* End PBXGroup section */

/* Begin PBXNativeTarget section */
		0C8607B22C3E1A0500DE3CC0 /* Possion_3D_test1 */ = {
			isa = PBXNativeTarget;
			buildConfigurationList = 0C8607BA2C3E1A0500DE3CC0 /* Build configuration list for PBXNativeTarget "Possion_3D_test1" */;
			buildPhases = (
				0C8607AF2C3E1A0500DE3CC0 /* Sources */,
				0C8607B02C3E1A0500DE3CC0 /* Frameworks */,
				0C8607B12C3E1A0500DE3CC0 /* CopyFiles */,
			);
			buildRules = (
			);
			dependencies = (
			);
			name = Possion_3D_test1;
			productName = Possion_3D_test1;
			productReference = 0C8607B32C3E1A0500DE3CC0 /* Possion_3D_test1 */;
			productType = "com.apple.product-type.tool";
		};
/* End PBXNativeTarget section */

/* Begin PBXProject section */
		0C8607AB2C3E1A0500DE3CC0 /* Project object */ = {
			isa = PBXProject;
			attributes = {
				BuildIndependentTargetsInParallel = 1;
				LastUpgradeCheck = 1540;
				TargetAttributes = {
					0C8607B22C3E1A0500DE3CC0 = {
						CreatedOnToolsVersion = 15.4;
					};
				};
			};
			buildConfigurationList = 0C8607AE2C3E1A0500DE3CC0 /* Build configuration list for PBXProject "Possion_3D_test1" */;
			compatibilityVersion = "Xcode 14.0";
			developmentRegion = en;
			hasScannedForEncodings = 0;
			knownRegions = (
				en,
				Base,
			);
			mainGroup = 0C8607AA2C3E1A0500DE3CC0;
			productRefGroup = 0C8607B42C3E1A0500DE3CC0 /* Products */;
			projectDirPath = "";
			projectRoot = "";
			targets = (
				0C8607B22C3E1A0500DE3CC0 /* Possion_3D_test1 */,
			);
		};
/* End PBXProject section */

/* Begin PBXSourcesBuildPhase section */
		0C8607AF2C3E1A0500DE3CC0 /* Sources */ = {
			isa = PBXSourcesBuildPhase;
			buildActionMask = 2147483647;
			files = (
				0C87EF502CA6648A003169A4 /* Darcy3d_WG_HexaQ0Q0RT0_AsmGlbMat1.cpp in Sources */,
				0C87EF642CA664D1003169A4 /* Hdiv3d.cpp in Sources */,
				0C87EF4E2CA6648A003169A4 /* Darcy3d_WG_HexaQ0Q0RT0_PresVelFlux.cpp in Sources */,
				0C87EF6E2CA664DE003169A4 /* matrix.cpp in Sources */,
				0C8607BF2C3E1B4D00DE3CC0 /* kron_matrix.cpp in Sources */,
				0C87EF682CA664D1003169A4 /* GaussQuad.cpp in Sources */,
				0C8607B72C3E1A0500DE3CC0 /* main.cpp in Sources */,
				0C9541AF2C9967FF00A6BFEA /* Write_VTK_File.cpp in Sources */,
				0C95418E2C994A8800A6BFEA /* HexaMesh.cpp in Sources */,
				0C87EF4D2CA6648A003169A4 /* Darcy3d_WG_HexaQ0Q0RT0_AsmSource1.cpp in Sources */,
				0C87EF762CA6672F003169A4 /* LinSys.cpp in Sources */,
				0C8607C22C3E2BE700DE3CC0 /* write_VTK.cpp in Sources */,
				0C87EF4F2CA6648A003169A4 /* Darcy3d_WG_HexaQ0Q0RT0_ModiLinSys1.cpp in Sources */,
				0C87EF4C2CA6648A003169A4 /* Darcy3d_WG_HexaQ0Q0RT0_AsmBndryConds1.cpp in Sources */,
				0C87EF592CA664BF003169A4 /* WG3d_Hexa.cpp in Sources */,
				0C87EF532CA66495003169A4 /* Darcy3d_SmplnPerm_HexaMesh.cpp in Sources */,
				0C87EF562CA664B8003169A4 /* EqnBC_Poisson3d_Ex12coscoscos.cpp in Sources */,
				0C8E48DD2CA8A8C400106122 /* mat3.cpp in Sources */,
				0C8259312CA63E25002A982D /* cell3d.cpp in Sources */,
				0C87EF4B2CA6648A003169A4 /* Darcy3d_WG_HexaQ0Q0RT0_Err.cpp in Sources */,
				0C87EF672CA664D1003169A4 /* PtVec3d.cpp in Sources */,
				0C87EF712CA664E5003169A4 /* vector.cpp in Sources */,
			);
			runOnlyForDeploymentPostprocessing = 0;
		};
/* End PBXSourcesBuildPhase section */

/* Begin XCBuildConfiguration section */
		0C8607B82C3E1A0500DE3CC0 /* Debug */ = {
			isa = XCBuildConfiguration;
			buildSettings = {
				ALWAYS_SEARCH_USER_PATHS = NO;
				ASSETCATALOG_COMPILER_GENERATE_SWIFT_ASSET_SYMBOL_EXTENSIONS = YES;
				CLANG_ANALYZER_NONNULL = YES;
				CLANG_ANALYZER_NUMBER_OBJECT_CONVERSION = YES_AGGRESSIVE;
				CLANG_CXX_LANGUAGE_STANDARD = "gnu++20";
				CLANG_ENABLE_MODULES = YES;
				CLANG_ENABLE_OBJC_ARC = YES;
				CLANG_ENABLE_OBJC_WEAK = YES;
				CLANG_WARN_BLOCK_CAPTURE_AUTORELEASING = YES;
				CLANG_WARN_BOOL_CONVERSION = YES;
				CLANG_WARN_COMMA = YES;
				CLANG_WARN_CONSTANT_CONVERSION = YES;
				CLANG_WARN_DEPRECATED_OBJC_IMPLEMENTATIONS = YES;
				CLANG_WARN_DIRECT_OBJC_ISA_USAGE = YES_ERROR;
				CLANG_WARN_DOCUMENTATION_COMMENTS = YES;
				CLANG_WARN_EMPTY_BODY = YES;
				CLANG_WARN_ENUM_CONVERSION = YES;
				CLANG_WARN_INFINITE_RECURSION = YES;
				CLANG_WARN_INT_CONVERSION = YES;
				CLANG_WARN_NON_LITERAL_NULL_CONVERSION = YES;
				CLANG_WARN_OBJC_IMPLICIT_RETAIN_SELF = YES;
				CLANG_WARN_OBJC_LITERAL_CONVERSION = YES;
				CLANG_WARN_OBJC_ROOT_CLASS = YES_ERROR;
				CLANG_WARN_QUOTED_INCLUDE_IN_FRAMEWORK_HEADER = YES;
				CLANG_WARN_RANGE_LOOP_ANALYSIS = YES;
				CLANG_WARN_STRICT_PROTOTYPES = YES;
				CLANG_WARN_SUSPICIOUS_MOVE = YES;
				CLANG_WARN_UNGUARDED_AVAILABILITY = YES_AGGRESSIVE;
				CLANG_WARN_UNREACHABLE_CODE = YES;
				CLANG_WARN__DUPLICATE_METHOD_MATCH = YES;
				COPY_PHASE_STRIP = NO;
				DEBUG_INFORMATION_FORMAT = dwarf;
				ENABLE_STRICT_OBJC_MSGSEND = YES;
				ENABLE_TESTABILITY = YES;
				ENABLE_USER_SCRIPT_SANDBOXING = YES;
				GCC_C_LANGUAGE_STANDARD = gnu17;
				GCC_DYNAMIC_NO_PIC = NO;
				GCC_NO_COMMON_BLOCKS = YES;
				GCC_OPTIMIZATION_LEVEL = 0;
				GCC_PREPROCESSOR_DEFINITIONS = (
					"DEBUG=1",
					"$(inherited)",
				);
				GCC_WARN_64_TO_32_BIT_CONVERSION = YES;
				GCC_WARN_ABOUT_RETURN_TYPE = YES_ERROR;
				GCC_WARN_UNDECLARED_SELECTOR = YES;
				GCC_WARN_UNINITIALIZED_AUTOS = YES_AGGRESSIVE;
				GCC_WARN_UNUSED_FUNCTION = YES;
				GCC_WARN_UNUSED_VARIABLE = YES;
				HEADER_SEARCH_PATHS = (
					"/Users/yinglili/C++Library/eigen-3.4.0/**",
					"/opt/homebrew/Cellar/vtk/9.3.1_1/include/vtk-9.3/**",
				);
				LIBRARY_SEARCH_PATHS = "/opt/homebrew/Cellar/vtk/9.3.1_1/lib/**";
				LOCALIZATION_PREFERS_STRING_CATALOGS = YES;
				MACOSX_DEPLOYMENT_TARGET = 14.1;
				MTL_ENABLE_DEBUG_INFO = INCLUDE_SOURCE;
				MTL_FAST_MATH = YES;
				ONLY_ACTIVE_ARCH = YES;
				SDKROOT = macosx;
			};
			name = Debug;
		};
		0C8607B92C3E1A0500DE3CC0 /* Release */ = {
			isa = XCBuildConfiguration;
			buildSettings = {
				ALWAYS_SEARCH_USER_PATHS = NO;
				ASSETCATALOG_COMPILER_GENERATE_SWIFT_ASSET_SYMBOL_EXTENSIONS = YES;
				CLANG_ANALYZER_NONNULL = YES;
				CLANG_ANALYZER_NUMBER_OBJECT_CONVERSION = YES_AGGRESSIVE;
				CLANG_CXX_LANGUAGE_STANDARD = "gnu++20";
				CLANG_ENABLE_MODULES = YES;
				CLANG_ENABLE_OBJC_ARC = YES;
				CLANG_ENABLE_OBJC_WEAK = YES;
				CLANG_WARN_BLOCK_CAPTURE_AUTORELEASING = YES;
				CLANG_WARN_BOOL_CONVERSION = YES;
				CLANG_WARN_COMMA = YES;
				CLANG_WARN_CONSTANT_CONVERSION = YES;
				CLANG_WARN_DEPRECATED_OBJC_IMPLEMENTATIONS = YES;
				CLANG_WARN_DIRECT_OBJC_ISA_USAGE = YES_ERROR;
				CLANG_WARN_DOCUMENTATION_COMMENTS = YES;
				CLANG_WARN_EMPTY_BODY = YES;
				CLANG_WARN_ENUM_CONVERSION = YES;
				CLANG_WARN_INFINITE_RECURSION = YES;
				CLANG_WARN_INT_CONVERSION = YES;
				CLANG_WARN_NON_LITERAL_NULL_CONVERSION = YES;
				CLANG_WARN_OBJC_IMPLICIT_RETAIN_SELF = YES;
				CLANG_WARN_OBJC_LITERAL_CONVERSION = YES;
				CLANG_WARN_OBJC_ROOT_CLASS = YES_ERROR;
				CLANG_WARN_QUOTED_INCLUDE_IN_FRAMEWORK_HEADER = YES;
				CLANG_WARN_RANGE_LOOP_ANALYSIS = YES;
				CLANG_WARN_STRICT_PROTOTYPES = YES;
				CLANG_WARN_SUSPICIOUS_MOVE = YES;
				CLANG_WARN_UNGUARDED_AVAILABILITY = YES_AGGRESSIVE;
				CLANG_WARN_UNREACHABLE_CODE = YES;
				CLANG_WARN__DUPLICATE_METHOD_MATCH = YES;
				COPY_PHASE_STRIP = NO;
				DEBUG_INFORMATION_FORMAT = "dwarf-with-dsym";
				ENABLE_NS_ASSERTIONS = NO;
				ENABLE_STRICT_OBJC_MSGSEND = YES;
				ENABLE_USER_SCRIPT_SANDBOXING = YES;
				GCC_C_LANGUAGE_STANDARD = gnu17;
				GCC_NO_COMMON_BLOCKS = YES;
				GCC_WARN_64_TO_32_BIT_CONVERSION = YES;
				GCC_WARN_ABOUT_RETURN_TYPE = YES_ERROR;
				GCC_WARN_UNDECLARED_SELECTOR = YES;
				GCC_WARN_UNINITIALIZED_AUTOS = YES_AGGRESSIVE;
				GCC_WARN_UNUSED_FUNCTION = YES;
				GCC_WARN_UNUSED_VARIABLE = YES;
				HEADER_SEARCH_PATHS = (
					"/Users/yinglili/C++Library/eigen-3.4.0/**",
					"/opt/homebrew/Cellar/vtk/9.3.1_1/include/vtk-9.3/**",
				);
				LIBRARY_SEARCH_PATHS = "/opt/homebrew/Cellar/vtk/9.3.1_1/lib/**";
				LOCALIZATION_PREFERS_STRING_CATALOGS = YES;
				MACOSX_DEPLOYMENT_TARGET = 14.1;
				MTL_ENABLE_DEBUG_INFO = NO;
				MTL_FAST_MATH = YES;
				SDKROOT = macosx;
			};
			name = Release;
		};
		0C8607BB2C3E1A0500DE3CC0 /* Debug */ = {
			isa = XCBuildConfiguration;
			buildSettings = {
				CODE_SIGN_STYLE = Automatic;
				DEVELOPMENT_TEAM = ZUT9ZJKV4Z;
				ENABLE_HARDENED_RUNTIME = YES;
				HEADER_SEARCH_PATHS = "/Users/yinglili/C++Library/eigen-3.4.0";
				PRODUCT_NAME = "$(TARGET_NAME)";
			};
			name = Debug;
		};
		0C8607BC2C3E1A0500DE3CC0 /* Release */ = {
			isa = XCBuildConfiguration;
			buildSettings = {
				CODE_SIGN_STYLE = Automatic;
				DEVELOPMENT_TEAM = ZUT9ZJKV4Z;
				ENABLE_HARDENED_RUNTIME = YES;
				HEADER_SEARCH_PATHS = "/Users/yinglili/C++Library/eigen-3.4.0";
				PRODUCT_NAME = "$(TARGET_NAME)";
			};
			name = Release;
		};
/* End XCBuildConfiguration section */

/* Begin XCConfigurationList section */
		0C8607AE2C3E1A0500DE3CC0 /* Build configuration list for PBXProject "Possion_3D_test1" */ = {
			isa = XCConfigurationList;
			buildConfigurations = (
				0C8607B82C3E1A0500DE3CC0 /* Debug */,
				0C8607B92C3E1A0500DE3CC0 /* Release */,
			);
			defaultConfigurationIsVisible = 0;
			defaultConfigurationName = Release;
		};
		0C8607BA2C3E1A0500DE3CC0 /* Build configuration list for PBXNativeTarget "Possion_3D_test1" */ = {
			isa = XCConfigurationList;
			buildConfigurations = (
				0C8607BB2C3E1A0500DE3CC0 /* Debug */,
				0C8607BC2C3E1A0500DE3CC0 /* Release */,
			);
			defaultConfigurationIsVisible = 0;
			defaultConfigurationName = Release;
		};
/* End XCConfigurationList section */
	};
	rootObject = 0C8607AB2C3E1A0500DE3CC0 /* Project object */;
}
